
Microsoft Visual Studio Solution File, Format Version 12.00
# Visual Studio Version 16
VisualStudioVersion = 16.0.30225.117
MinimumVisualStudioVersion = 10.0.40219.1
Project("{9A19103F-16F7-4668-BE54-9A1E7A4F7556}") = "NoteShareAppApi", "ShareNoteAppApi\NoteShareAppApi.csproj", "{6017D4A0-F2B8-47DC-808F-79A2766253EC}"
	ProjectSection(ProjectDependencies) = postProject
		{6365A576-9F5C-42F4-B4F0-FE242CF9CEC7} = {6365A576-9F5C-42F4-B4F0-FE242CF9CEC7}
		{513D778D-9568-4E5E-86B7-022F3B78F253} = {513D778D-9568-4E5E-86B7-022F3B78F253}
	EndProjectSection
EndProject
Project("{9A19103F-16F7-4668-BE54-9A1E7A4F7556}") = "NoteShareAppApi.Domain", "ShareNoteAppApi.Domain\NoteShareAppApi.Domain.csproj", "{513D778D-9568-4E5E-86B7-022F3B78F253}"
EndProject
Project("{9A19103F-16F7-4668-BE54-9A1E7A4F7556}") = "NoteShareAppApi.Persistence", "ShareNoteAppApi.Persistence\NoteShareAppApi.Persistence.csproj", "{6365A576-9F5C-42F4-B4F0-FE242CF9CEC7}"
	ProjectSection(ProjectDependencies) = postProject
		{513D778D-9568-4E5E-86B7-022F3B78F253} = {513D778D-9568-4E5E-86B7-022F3B78F253}
	EndProjectSection
EndProject
Project("{9A19103F-16F7-4668-BE54-9A1E7A4F7556}") = "NoteShareAppApi.Tests", "ShareNoteAppApi.Tests\NoteShareAppApi.Tests.csproj", "{06E8EA76-2EB2-42F1-842D-A5F1D47A7E45}"
EndProject
Global
	GlobalSection(SolutionConfigurationPlatforms) = preSolution
		Debug|Any CPU = Debug|Any CPU
		Release|Any CPU = Release|Any CPU
	EndGlobalSection
	GlobalSection(ProjectConfigurationPlatforms) = postSolution
		{6017D4A0-F2B8-47DC-808F-79A2766253EC}.Debug|Any CPU.ActiveCfg = Debug|Any CPU
		{6017D4A0-F2B8-47DC-808F-79A2766253EC}.Debug|Any CPU.Build.0 = Debug|Any CPU
		{6017D4A0-F2B8-47DC-808F-79A2766253EC}.Release|Any CPU.ActiveCfg = Release|Any CPU
		{6017D4A0-F2B8-47DC-808F-79A2766253EC}.Release|Any CPU.Build.0 = Release|Any CPU
		{513D778D-9568-4E5E-86B7-022F3B78F253}.Debug|Any CPU.ActiveCfg = Debug|Any CPU
		{513D778D-9568-4E5E-86B7-022F3B78F253}.Debug|Any CPU.Build.0 = Debug|Any CPU
		{513D778D-9568-4E5E-86B7-022F3B78F253}.Release|Any CPU.ActiveCfg = Release|Any CPU
		{513D778D-9568-4E5E-86B7-022F3B78F253}.Release|Any CPU.Build.0 = Release|Any CPU
		{6365A576-9F5C-42F4-B4F0-FE242CF9CEC7}.Debug|Any CPU.ActiveCfg = Debug|Any CPU
		{6365A576-9F5C-42F4-B4F0-FE242CF9CEC7}.Debug|Any CPU.Build.0 = Debug|Any CPU
		{6365A576-9F5C-42F4-B4F0-FE242CF9CEC7}.Release|Any CPU.ActiveCfg = Release|Any CPU
		{6365A576-9F5C-42F4-B4F0-FE242CF9CEC7}.Release|Any CPU.Build.0 = Release|Any CPU
		{06E8EA76-2EB2-42F1-842D-A5F1D47A7E45}.Debug|Any CPU.ActiveCfg = Debug|Any CPU
		{06E8EA76-2EB2-42F1-842D-A5F1D47A7E45}.Debug|Any CPU.Build.0 = Debug|Any CPU
		{06E8EA76-2EB2-42F1-842D-A5F1D47A7E45}.Release|Any CPU.ActiveCfg = Release|Any CPU
		{06E8EA76-2EB2-42F1-842D-A5F1D47A7E45}.Release|Any CPU.Build.0 = Release|Any CPU
	EndGlobalSection
	GlobalSection(SolutionProperties) = preSolution
		HideSolutionNode = FALSE
	EndGlobalSection
	GlobalSection(ExtensibilityGlobals) = postSolution
		SolutionGuid = {5A1637B9-CE7E-4260-ADF8-EB5A9B5EEEFB}
	EndGlobalSection
EndGlobal
